
Microsoft Visual Studio Solution File, Format Version 12.00
# Visual Studio Version 17
VisualStudioVersion = 17.8.34322.80
MinimumVisualStudioVersion = 10.0.40219.1
Project("{9A19103F-16F7-4668-BE54-9A1E7A4F7556}") = "ConsoleApp.Tests", "ConsoleApp.Tests\ConsoleApp.Tests.csproj", "{4864D5AB-A83E-4801-8573-5EE0A172581A}"
EndProject
Project("{2150E333-8FDC-42A3-9474-1A3956D46DE8}") = "Solution Items", "Solution Items", "{232204F7-CA55-4015-9BEE-867FC55138E1}"
EndProject
Project("{9A19103F-16F7-4668-BE54-9A1E7A4F7556}") = "WpfApp", "WpfApp\WpfApp.csproj", "{7B8496C1-3F67-4925-AE20-0357706AB8AC}"
EndProject
Project("{9A19103F-16F7-4668-BE54-9A1E7A4F7556}") = "Shared", "Shared\Shared.csproj", "{CA79F172-9358-460A-9FBD-394855BCE94F}"
EndProject
Project("{FAE04EC0-301F-11D3-BF4B-00C04F79EFBC}") = "KonsolApp", "KonsolApp\KonsolApp.csproj", "{EA078562-7532-40FA-B8C0-55279560EF88}"
EndProject
Global
	GlobalSection(SolutionConfigurationPlatforms) = preSolution
		Debug|Any CPU = Debug|Any CPU
		Release|Any CPU = Release|Any CPU
	EndGlobalSection
	GlobalSection(ProjectConfigurationPlatforms) = postSolution
		{4864D5AB-A83E-4801-8573-5EE0A172581A}.Debug|Any CPU.ActiveCfg = Debug|Any CPU
		{4864D5AB-A83E-4801-8573-5EE0A172581A}.Debug|Any CPU.Build.0 = Debug|Any CPU
		{4864D5AB-A83E-4801-8573-5EE0A172581A}.Release|Any CPU.ActiveCfg = Release|Any CPU
		{4864D5AB-A83E-4801-8573-5EE0A172581A}.Release|Any CPU.Build.0 = Release|Any CPU
		{7B8496C1-3F67-4925-AE20-0357706AB8AC}.Debug|Any CPU.ActiveCfg = Debug|Any CPU
		{7B8496C1-3F67-4925-AE20-0357706AB8AC}.Debug|Any CPU.Build.0 = Debug|Any CPU
		{7B8496C1-3F67-4925-AE20-0357706AB8AC}.Release|Any CPU.ActiveCfg = Release|Any CPU
		{7B8496C1-3F67-4925-AE20-0357706AB8AC}.Release|Any CPU.Build.0 = Release|Any CPU
		{CA79F172-9358-460A-9FBD-394855BCE94F}.Debug|Any CPU.ActiveCfg = Debug|Any CPU
		{CA79F172-9358-460A-9FBD-394855BCE94F}.Debug|Any CPU.Build.0 = Debug|Any CPU
		{CA79F172-9358-460A-9FBD-394855BCE94F}.Release|Any CPU.ActiveCfg = Release|Any CPU
		{CA79F172-9358-460A-9FBD-394855BCE94F}.Release|Any CPU.Build.0 = Release|Any CPU
		{EA078562-7532-40FA-B8C0-55279560EF88}.Debug|Any CPU.ActiveCfg = Debug|Any CPU
		{EA078562-7532-40FA-B8C0-55279560EF88}.Debug|Any CPU.Build.0 = Debug|Any CPU
		{EA078562-7532-40FA-B8C0-55279560EF88}.Release|Any CPU.ActiveCfg = Release|Any CPU
		{EA078562-7532-40FA-B8C0-55279560EF88}.Release|Any CPU.Build.0 = Release|Any CPU
	EndGlobalSection
	GlobalSection(SolutionProperties) = preSolution
		HideSolutionNode = FALSE
	EndGlobalSection
	GlobalSection(ExtensibilityGlobals) = postSolution
		SolutionGuid = {D0848BA4-BCB1-4860-97DE-0E6C0E12DCF9}
	EndGlobalSection
EndGlobal
